
Microsoft Visual Studio Solution File, Format Version 12.00
# Visual Studio Version 17
VisualStudioVersion = 17.2.32526.322
MinimumVisualStudioVersion = 10.0.40219.1
Project("{FAE04EC0-301F-11D3-BF4B-00C04F79EFBC}") = "CodeBase-Arge", "CodeBase-Arge\CodeBase-Arge.csproj", "{D35B6584-5ABF-44ED-B8C0-447DC68F3389}"
EndProject
Project("{FAE04EC0-301F-11D3-BF4B-00C04F79EFBC}") = "CodeBase.Core", "CodeBase.Core\CodeBase.Core.csproj", "{35149C8A-E054-4E41-ADB4-2445A2157FD9}"
EndProject
Project("{FAE04EC0-301F-11D3-BF4B-00C04F79EFBC}") = "CodeBase.Repository", "CodeBase.Repository\CodeBase.Repository.csproj", "{D9C017C7-645F-4DDA-8F2A-3088190ED5F6}"
EndProject
Project("{FAE04EC0-301F-11D3-BF4B-00C04F79EFBC}") = "CodeBase.Service", "CodeBase.Service\CodeBase.Service.csproj", "{DF67E874-D159-4654-99DB-697EE2A5EF03}"
EndProject
Global
	GlobalSection(SolutionConfigurationPlatforms) = preSolution
		Debug|Any CPU = Debug|Any CPU
		Release|Any CPU = Release|Any CPU
	EndGlobalSection
	GlobalSection(ProjectConfigurationPlatforms) = postSolution
		{D35B6584-5ABF-44ED-B8C0-447DC68F3389}.Debug|Any CPU.ActiveCfg = Debug|Any CPU
		{D35B6584-5ABF-44ED-B8C0-447DC68F3389}.Debug|Any CPU.Build.0 = Debug|Any CPU
		{D35B6584-5ABF-44ED-B8C0-447DC68F3389}.Release|Any CPU.ActiveCfg = Release|Any CPU
		{D35B6584-5ABF-44ED-B8C0-447DC68F3389}.Release|Any CPU.Build.0 = Release|Any CPU
		{35149C8A-E054-4E41-ADB4-2445A2157FD9}.Debug|Any CPU.ActiveCfg = Debug|Any CPU
		{35149C8A-E054-4E41-ADB4-2445A2157FD9}.Debug|Any CPU.Build.0 = Debug|Any CPU
		{35149C8A-E054-4E41-ADB4-2445A2157FD9}.Release|Any CPU.ActiveCfg = Release|Any CPU
		{35149C8A-E054-4E41-ADB4-2445A2157FD9}.Release|Any CPU.Build.0 = Release|Any CPU
		{D9C017C7-645F-4DDA-8F2A-3088190ED5F6}.Debug|Any CPU.ActiveCfg = Debug|Any CPU
		{D9C017C7-645F-4DDA-8F2A-3088190ED5F6}.Debug|Any CPU.Build.0 = Debug|Any CPU
		{D9C017C7-645F-4DDA-8F2A-3088190ED5F6}.Release|Any CPU.ActiveCfg = Release|Any CPU
		{D9C017C7-645F-4DDA-8F2A-3088190ED5F6}.Release|Any CPU.Build.0 = Release|Any CPU
		{DF67E874-D159-4654-99DB-697EE2A5EF03}.Debug|Any CPU.ActiveCfg = Debug|Any CPU
		{DF67E874-D159-4654-99DB-697EE2A5EF03}.Debug|Any CPU.Build.0 = Debug|Any CPU
		{DF67E874-D159-4654-99DB-697EE2A5EF03}.Release|Any CPU.ActiveCfg = Release|Any CPU
		{DF67E874-D159-4654-99DB-697EE2A5EF03}.Release|Any CPU.Build.0 = Release|Any CPU
	EndGlobalSection
	GlobalSection(SolutionProperties) = preSolution
		HideSolutionNode = FALSE
	EndGlobalSection
	GlobalSection(ExtensibilityGlobals) = postSolution
		SolutionGuid = {C5ED9269-E34F-4C78-BB97-8A231C4133E3}
	EndGlobalSection
EndGlobal
